<?xml version="1.0" encoding="utf-8"?>
<Project ToolsVersion="4.0" xmlns="http://schemas.microsoft.com/developer/msbuild/2003">
  <ItemGroup>
    <Filter Include="Source Files">
      <UniqueIdentifier>{4FC737F1-C7A5-4376-A066-2A32D752A2FF}</UniqueIdentifier>
      <Extensions>cpp;c;cc;cxx;def;odl;idl;hpj;bat;asm;asmx</Extensions>
    </Filter>
    <Filter Include="Header Files">
      <UniqueIdentifier>{93995380-89BD-4b04-88EB-625FBE52EBFB}</UniqueIdentifier>
      <Extensions>h;hpp;hxx;hm;inl;inc;xsd</Extensions>
    </Filter>
    <Filter Include="Resource Files">
      <UniqueIdentifier>{67DA6AB6-F800-4c08-8B7A-83BB121AAD01}</UniqueIdentifier>
      <Extensions>rc;ico;cur;bmp;dlg;rc2;rct;bin;rgs;gif;jpg;jpeg;jpe;resx;tiff;tif;png;wav;mfcribbon-ms</Extensions>
    </Filter>
    <Filter Include="Header Files\players">
      <UniqueIdentifier>{0fdb0d76-6e6e-4ba2-954d-a455ade85a52}</UniqueIdentifier>
    </Filter>
    <Filter Include="Header Files\euchre">
      <UniqueIdentifier>{1395eae0-505d-4554-9261-23027c73cfab}</UniqueIdentifier>
    </Filter>
    <Filter Include="Source Files\euchre">
      <UniqueIdentifier>{fdb73ed6-217a-482a-9115-ab0deaee8bae}</UniqueIdentifier>
    </Filter>
    <Filter Include="Source Files\players">
      <UniqueIdentifier>{9c3ed1c4-90d4-4357-acf0-1b29d7daa455}</UniqueIdentifier>
    </Filter>
    <Filter Include="Source Files\main">
      <UniqueIdentifier>{029d6fdd-7ce5-4581-b728-d85237c226b4}</UniqueIdentifier>
    </Filter>
    <Filter Include="Header Files\util">
      <UniqueIdentifier>{11c68f92-cb7e-456c-b730-1087f952405a}</UniqueIdentifier>
    </Filter>
    <Filter Include="Source Files\util">
      <UniqueIdentifier>{79f6dcd0-ed35-47c9-8731-9fb9b37e67fa}</UniqueIdentifier>
    </Filter>
    <Filter Include="Source Files\games">
      <UniqueIdentifier>{797d0461-d74f-4c78-92d4-b81488b6c09d}</UniqueIdentifier>
    </Filter>
    <Filter Include="Header Files\games">
      <UniqueIdentifier>{c3b71482-a42d-4919-bf40-58860841c8e4}</UniqueIdentifier>
    </Filter>
  </ItemGroup>
  <ItemGroup>
    <ClInclude Include="euchre.h">
      <Filter>Header Files</Filter>
    </ClInclude>
    <ClInclude Include="AIPlayer.h">
      <Filter>Header Files\players</Filter>
    </ClInclude>
    <ClInclude Include="Player.h">
      <Filter>Header Files\players</Filter>
    </ClInclude>
    <ClInclude Include="Card.h">
      <Filter>Header Files\euchre</Filter>
    </ClInclude>
    <ClInclude Include="Deck.h">
      <Filter>Header Files\euchre</Filter>
    </ClInclude>
    <ClInclude Include="Hand.h">
      <Filter>Header Files\euchre</Filter>
    </ClInclude>
    <ClInclude Include="Trick.h">
      <Filter>Header Files\euchre</Filter>
    </ClInclude>
    <ClInclude Include="CardScore.h">
      <Filter>Header Files\euchre</Filter>
    </ClInclude>
    <ClInclude Include="RandomPlayer.h">
      <Filter>Header Files\players</Filter>
    </ClInclude>
    <ClInclude Include="Random.h">
      <Filter>Header Files\util</Filter>
    </ClInclude>
    <ClInclude Include="HumanEuchreGame.h">
      <Filter>Header Files\games</Filter>
    </ClInclude>
    <ClInclude Include="EuchreGame.h">
      <Filter>Header Files\games</Filter>
    </ClInclude>
    <ClInclude Include="BitString.h">
      <Filter>Header Files\util</Filter>
    </ClInclude>
    <ClInclude Include="HighPlayer.h">
      <Filter>Header Files\players</Filter>
    </ClInclude>
    <ClInclude Include="HumanPlayer.h">
      <Filter>Header Files\players</Filter>
    </ClInclude>
    <ClInclude Include="LowPlayer.h">
      <Filter>Header Files\players</Filter>
    </ClInclude>
    <ClInclude Include="HighLowPlayer.h">
      <Filter>Header Files\players</Filter>
    </ClInclude>
    <ClInclude Include="PartnerHLPlayer.h">
      <Filter>Header Files\players</Filter>
    </ClInclude>
    <ClInclude Include="MarkovPlayer.h">
      <Filter>Header Files\players</Filter>
    </ClInclude>
    <ClInclude Include="DataGame.h">
      <Filter>Header Files\games</Filter>
    </ClInclude>
    <ClInclude Include="CardCountingPlayer.h">
      <Filter>Header Files\players</Filter>
    </ClInclude>
    <ClInclude Include="MonteCarloPlayer.h">
      <Filter>Header Files\players</Filter>
    </ClInclude>
    <ClInclude Include="HybridPlayer.h">
      <Filter>Header Files\players</Filter>
    </ClInclude>
    <ClInclude Include="Markov2Player.h">
      <Filter>Header Files\players</Filter>
    </ClInclude>
    <ClInclude Include="Hybrid2Player.h">
      <Filter>Header Files\players</Filter>
    </ClInclude>
  </ItemGroup>
  <ItemGroup>
    <ClCompile Include="AIPlayer.cpp">
      <Filter>Source Files\players</Filter>
    </ClCompile>
    <ClCompile Include="Card.cpp">
      <Filter>Source Files\euchre</Filter>
    </ClCompile>
    <ClCompile Include="Deck.cpp">
      <Filter>Source Files\euchre</Filter>
    </ClCompile>
    <ClCompile Include="Hand.cpp">
      <Filter>Source Files\euchre</Filter>
    </ClCompile>
    <ClCompile Include="Player.cpp">
      <Filter>Source Files\players</Filter>
    </ClCompile>
    <ClCompile Include="Trick.cpp">
      <Filter>Source Files\euchre</Filter>
    </ClCompile>
    <ClCompile Include="CardScore.cpp">
      <Filter>Source Files\euchre</Filter>
    </ClCompile>
    <ClCompile Include="eval.cpp">
      <Filter>Source Files\main</Filter>
    </ClCompile>
    <ClCompile Include="euchre.cpp">
      <Filter>Source Files</Filter>
    </ClCompile>
    <ClCompile Include="RandomPlayer.cpp">
      <Filter>Source Files\players</Filter>
    </ClCompile>
    <ClCompile Include="Random.cpp">
      <Filter>Source Files\util</Filter>
    </ClCompile>
    <ClCompile Include="HumanEuchreGame.cpp">
      <Filter>Source Files\games</Filter>
    </ClCompile>
    <ClCompile Include="EuchreGame.cpp">
      <Filter>Source Files\games</Filter>
    </ClCompile>
    <ClCompile Include="BitString.cpp">
      <Filter>Source Files\util</Filter>
    </ClCompile>
    <ClCompile Include="HighPlayer.cpp">
      <Filter>Source Files\players</Filter>
    </ClCompile>
    <ClCompile Include="HumanPlayer.cpp">
      <Filter>Source Files\players</Filter>
    </ClCompile>
    <ClCompile Include="LowPlayer.cpp">
      <Filter>Source Files\players</Filter>
    </ClCompile>
    <ClCompile Include="HighLowPlayer.cpp">
      <Filter>Source Files\players</Filter>
    </ClCompile>
    <ClCompile Include="PartnerHLPlayer.cpp">
      <Filter>Source Files\players</Filter>
    </ClCompile>
    <ClCompile Include="MarkovPlayer.cpp">
      <Filter>Source Files\players</Filter>
    </ClCompile>
    <ClCompile Include="DataGame.cpp">
      <Filter>Source Files\games</Filter>
    </ClCompile>
    <ClCompile Include="CardCountingPlayer.cpp">
      <Filter>Source Files\players</Filter>
    </ClCompile>
    <ClCompile Include="MonteCarloPlayer.cpp">
      <Filter>Source Files\players</Filter>
    </ClCompile>
    <ClCompile Include="HybridPlayer.cpp">
      <Filter>Source Files\players</Filter>
    </ClCompile>
    <ClCompile Include="Markov2Player.cpp">
      <Filter>Source Files\players</Filter>
    </ClCompile>
    <ClCompile Include="Hybrid2Player.cpp">
      <Filter>Source Files\players</Filter>
    </ClCompile>
  </ItemGroup>
</Project>